
Microsoft Visual Studio Solution File, Format Version 12.00
# Visual Studio Version 17
VisualStudioVersion = 17.1.32328.378
MinimumVisualStudioVersion = 10.0.40219.1
Project("{2150E333-8FDC-42A3-9474-1A3956D46DE8}") = "Services", "Services", "{6B10969E-AF41-48F6-93DF-C15A77F8876C}"
EndProject
Project("{2150E333-8FDC-42A3-9474-1A3956D46DE8}") = "Catalog", "Catalog", "{9DE82A9B-233A-4019-A619-B7B4E52D3A1A}"
EndProject
Project("{9A19103F-16F7-4668-BE54-9A1E7A4F7556}") = "Catalog.API", "Services\Catalog\Catalog.API.csproj", "{77A336F9-08C6-4191-8869-6CB64E2610BD}"
EndProject
Project("{E53339B2-1760-4266-BCC7-CA923CBCF16C}") = "docker-compose", "docker-compose.dcproj", "{5F55D327-A856-4CC0-A2C0-83E2996740B2}"
EndProject
Project("{2150E333-8FDC-42A3-9474-1A3956D46DE8}") = "Basket", "Basket", "{3BA84693-8F70-4EC8-B95B-4E43EC547724}"
EndProject
Project("{FAE04EC0-301F-11D3-BF4B-00C04F79EFBC}") = "Basket.API", "Services\Basket\Basket.API\Basket.API.csproj", "{76850005-72D3-4966-A9E1-02A0BFC8FE69}"
EndProject
Global
	GlobalSection(SolutionConfigurationPlatforms) = preSolution
		Debug|Any CPU = Debug|Any CPU
		Release|Any CPU = Release|Any CPU
	EndGlobalSection
	GlobalSection(ProjectConfigurationPlatforms) = postSolution
		{77A336F9-08C6-4191-8869-6CB64E2610BD}.Debug|Any CPU.ActiveCfg = Debug|Any CPU
		{77A336F9-08C6-4191-8869-6CB64E2610BD}.Debug|Any CPU.Build.0 = Debug|Any CPU
		{77A336F9-08C6-4191-8869-6CB64E2610BD}.Release|Any CPU.ActiveCfg = Release|Any CPU
		{77A336F9-08C6-4191-8869-6CB64E2610BD}.Release|Any CPU.Build.0 = Release|Any CPU
		{5F55D327-A856-4CC0-A2C0-83E2996740B2}.Debug|Any CPU.ActiveCfg = Debug|Any CPU
		{5F55D327-A856-4CC0-A2C0-83E2996740B2}.Debug|Any CPU.Build.0 = Debug|Any CPU
		{5F55D327-A856-4CC0-A2C0-83E2996740B2}.Release|Any CPU.ActiveCfg = Release|Any CPU
		{5F55D327-A856-4CC0-A2C0-83E2996740B2}.Release|Any CPU.Build.0 = Release|Any CPU
		{76850005-72D3-4966-A9E1-02A0BFC8FE69}.Debug|Any CPU.ActiveCfg = Debug|Any CPU
		{76850005-72D3-4966-A9E1-02A0BFC8FE69}.Debug|Any CPU.Build.0 = Debug|Any CPU
		{76850005-72D3-4966-A9E1-02A0BFC8FE69}.Release|Any CPU.ActiveCfg = Release|Any CPU
		{76850005-72D3-4966-A9E1-02A0BFC8FE69}.Release|Any CPU.Build.0 = Release|Any CPU
	EndGlobalSection
	GlobalSection(SolutionProperties) = preSolution
		HideSolutionNode = FALSE
	EndGlobalSection
	GlobalSection(NestedProjects) = preSolution
		{9DE82A9B-233A-4019-A619-B7B4E52D3A1A} = {6B10969E-AF41-48F6-93DF-C15A77F8876C}
		{77A336F9-08C6-4191-8869-6CB64E2610BD} = {9DE82A9B-233A-4019-A619-B7B4E52D3A1A}
		{3BA84693-8F70-4EC8-B95B-4E43EC547724} = {6B10969E-AF41-48F6-93DF-C15A77F8876C}
		{76850005-72D3-4966-A9E1-02A0BFC8FE69} = {3BA84693-8F70-4EC8-B95B-4E43EC547724}
	EndGlobalSection
	GlobalSection(ExtensibilityGlobals) = postSolution
		SolutionGuid = {8E4840B1-1BCE-490C-B005-371367171C3A}
	EndGlobalSection
EndGlobal
